
Microsoft Visual Studio Solution File, Format Version 12.00
# Visual Studio Version 16
VisualStudioVersion = 16.0.29230.47
MinimumVisualStudioVersion = 10.0.40219.1
Project("{FAE04EC0-301F-11D3-BF4B-00C04F79EFBC}") = "ConfigFileTest", "ConfigFileTest\ConfigFileTest.csproj", "{DCE570B6-0B47-48BE-8017-898A8729D691}"
EndProject
Project("{FAE04EC0-301F-11D3-BF4B-00C04F79EFBC}") = "FactoryExample", "FactoryExample\FactoryExample.csproj", "{DDC9B643-EDEA-481F-A5DE-B80D38ABBE22}"
EndProject
Global
	GlobalSection(SolutionConfigurationPlatforms) = preSolution
		Debug|Any CPU = Debug|Any CPU
		Release|Any CPU = Release|Any CPU
	EndGlobalSection
	GlobalSection(ProjectConfigurationPlatforms) = postSolution
		{DCE570B6-0B47-48BE-8017-898A8729D691}.Debug|Any CPU.ActiveCfg = Debug|Any CPU
		{DCE570B6-0B47-48BE-8017-898A8729D691}.Debug|Any CPU.Build.0 = Debug|Any CPU
		{DCE570B6-0B47-48BE-8017-898A8729D691}.Release|Any CPU.ActiveCfg = Release|Any CPU
		{DCE570B6-0B47-48BE-8017-898A8729D691}.Release|Any CPU.Build.0 = Release|Any CPU
		{DDC9B643-EDEA-481F-A5DE-B80D38ABBE22}.Debug|Any CPU.ActiveCfg = Debug|Any CPU
		{DDC9B643-EDEA-481F-A5DE-B80D38ABBE22}.Debug|Any CPU.Build.0 = Debug|Any CPU
		{DDC9B643-EDEA-481F-A5DE-B80D38ABBE22}.Release|Any CPU.ActiveCfg = Release|Any CPU
		{DDC9B643-EDEA-481F-A5DE-B80D38ABBE22}.Release|Any CPU.Build.0 = Release|Any CPU
	EndGlobalSection
	GlobalSection(SolutionProperties) = preSolution
		HideSolutionNode = FALSE
	EndGlobalSection
	GlobalSection(ExtensibilityGlobals) = postSolution
		SolutionGuid = {AEEF69E0-0AAB-448A-A9DA-36AA2FEDF705}
	EndGlobalSection
EndGlobal
